# This file is generated by running "yarn install" inside your project.
# Manual changes might be lost - proceed with caution!

__metadata:
  version: 4
  cacheKey: 7

"@types/prop-types@npm:*":
  version: 15.7.4
  resolution: "@types/prop-types@npm:15.7.4"
  checksum: ef15c425a944f6b13824a87854cccf238e1b4cd0350b3124f4938406fe758fbdd6fadb2480d1388a00daeab61ce9888be5ca2b73da275f5dbc977143ff98e1eb
  languageName: node
  linkType: hard

"@types/react@npm:^17.0.14":
  version: 17.0.14
  resolution: "@types/react@npm:17.0.14"
  dependencies:
    "@types/prop-types": "*"
    "@types/scheduler": "*"
    csstype: ^3.0.2
  checksum: 3c5373845b0869d9ce3db16917c87707cdfdb6c08d9ca7ed90a2a097cb3cbec8d037d37e81c3cf5af721d92f8fdc62431405f1874f9a02dea6ec05e5d81e77fe
  languageName: node
  linkType: hard

"@types/scheduler@npm:*":
  version: 0.16.2
  resolution: "@types/scheduler@npm:0.16.2"
  checksum: e78d1bb50ca9321a76826c0f5a5ed7f1b6e995597127993cad658bd18d7f7de4324cd7efdfd0140079ee212a05774bbbd95eecfdf72370d14023acb99b841a30
  languageName: node
  linkType: hard

"csstype@npm:^3.0.2":
  version: 3.0.8
  resolution: "csstype@npm:3.0.8"
  checksum: e15233592a2c580fd72c4346a5c921044b8f4f29bcb81628a81199c4d6a91eb8f8e4875f440ef9c990e85f179a3370f3b842fe55e4743119ad0ce712519e7123
  languageName: node
  linkType: hard

"front@workspace:.":
  version: 0.0.0-use.local
  resolution: "front@workspace:."
  dependencies:
    "@types/react": ^17.0.14
    react: ^17.0.2
  languageName: unknown
  linkType: soft

"js-tokens@npm:^3.0.0 || ^4.0.0":
  version: 4.0.0
  resolution: "js-tokens@npm:4.0.0"
  checksum: 1fc4e4667ac2d972aba65148b9cbf9c17566b2394d3504238d8492bbd3e68f496c657eab06b26b40b17db5cac0a34d153a12130e2d2d2bb6dc2cdc8a4764eb1b
  languageName: node
  linkType: hard

"loose-envify@npm:^1.1.0":
  version: 1.4.0
  resolution: "loose-envify@npm:1.4.0"
  dependencies:
    js-tokens: ^3.0.0 || ^4.0.0
  bin:
    loose-envify: cli.js
  checksum: 5c3b47bbe5f597a3889fb001a3a98aaea2a3fafa48089c19034de1e0121bf57dbee609d184478514d74d5c5a7e9cfa3d846343455e5123b060040d46c39e91dc
  languageName: node
  linkType: hard

"object-assign@npm:^4.1.1":
  version: 4.1.1
  resolution: "object-assign@npm:4.1.1"
  checksum: 66cf021898fc1b13ea573ea8635fbd5a76533f50cecbc2fcd5eee1e8029af41bcebe7023788b6d0e06cbe4401ecea075d972f78ec74467cdc571a0f1a4d1a081
  languageName: node
  linkType: hard

"react@npm:^17.0.2":
  version: 17.0.2
  resolution: "react@npm:17.0.2"
  dependencies:
    loose-envify: ^1.1.0
    object-assign: ^4.1.1
  checksum: 7d0dfebafe1d297503157abb2e9acdb49852185deb8700c16f4a6faad87642f84903ab18cfc16f40b9a0dfe97540f99834982ee953e6d48b39c41608dc3e4b29
  languageName: node
  linkType: hard
